
Microsoft Visual Studio Solution File, Format Version 12.00
# Visual Studio Version 16
VisualStudioVersion = 16.0.31729.503
MinimumVisualStudioVersion = 10.0.40219.1
Project("{FAE04EC0-301F-11D3-BF4B-00C04F79EFBC}") = "learning_rdlc", "learning_rdlc\learning_rdlc.csproj", "{E1BDD5A6-08FA-46BD-A3F7-7BC761F9B36A}"
EndProject
Project("{FAE04EC0-301F-11D3-BF4B-00C04F79EFBC}") = "newClass1", "newClass1\newClass1.csproj", "{84DDEA3D-207E-49D4-8CC5-5FC5B1E5BBDA}"
EndProject
Global
	GlobalSection(SolutionConfigurationPlatforms) = preSolution
		Debug|Any CPU = Debug|Any CPU
		Release|Any CPU = Release|Any CPU
	EndGlobalSection
	GlobalSection(ProjectConfigurationPlatforms) = postSolution
		{E1BDD5A6-08FA-46BD-A3F7-7BC761F9B36A}.Debug|Any CPU.ActiveCfg = Debug|Any CPU
		{E1BDD5A6-08FA-46BD-A3F7-7BC761F9B36A}.Debug|Any CPU.Build.0 = Debug|Any CPU
		{E1BDD5A6-08FA-46BD-A3F7-7BC761F9B36A}.Release|Any CPU.ActiveCfg = Release|Any CPU
		{E1BDD5A6-08FA-46BD-A3F7-7BC761F9B36A}.Release|Any CPU.Build.0 = Release|Any CPU
		{84DDEA3D-207E-49D4-8CC5-5FC5B1E5BBDA}.Debug|Any CPU.ActiveCfg = Debug|Any CPU
		{84DDEA3D-207E-49D4-8CC5-5FC5B1E5BBDA}.Debug|Any CPU.Build.0 = Debug|Any CPU
		{84DDEA3D-207E-49D4-8CC5-5FC5B1E5BBDA}.Release|Any CPU.ActiveCfg = Release|Any CPU
		{84DDEA3D-207E-49D4-8CC5-5FC5B1E5BBDA}.Release|Any CPU.Build.0 = Release|Any CPU
	EndGlobalSection
	GlobalSection(SolutionProperties) = preSolution
		HideSolutionNode = FALSE
	EndGlobalSection
	GlobalSection(ExtensibilityGlobals) = postSolution
		SolutionGuid = {BEA63B12-3577-4277-826F-5F7E84381AAD}
	EndGlobalSection
EndGlobal
